
Microsoft Visual Studio Solution File, Format Version 12.00
# Visual Studio 14
VisualStudioVersion = 14.0.25420.1
MinimumVisualStudioVersion = 10.0.40219.1
Project("{FAE04EC0-301F-11D3-BF4B-00C04F79EFBC}") = "MyVocal.Data", "MyVocal.Data\MyVocal.Data.csproj", "{E2EEFB3E-3D42-46D1-8630-C4A0F257EFFB}"
EndProject
Project("{FAE04EC0-301F-11D3-BF4B-00C04F79EFBC}") = "MyVocal.Model", "MyVocal.Model\MyVocal.Model.csproj", "{28549FB5-24E1-4097-878C-9E102878408B}"
EndProject
Project("{FAE04EC0-301F-11D3-BF4B-00C04F79EFBC}") = "MyVocal.Web", "MyVocal.Web\MyVocal.Web.csproj", "{3DCC304F-1C2B-400C-9F59-36F77D8229FF}"
EndProject
Project("{FAE04EC0-301F-11D3-BF4B-00C04F79EFBC}") = "MyVocal.Service", "MyVocal.Service\MyVocal.Service.csproj", "{D409229F-E360-4A74-AF50-EF47AA1FAF50}"
EndProject
Global
	GlobalSection(SolutionConfigurationPlatforms) = preSolution
		Debug|Any CPU = Debug|Any CPU
		Release|Any CPU = Release|Any CPU
	EndGlobalSection
	GlobalSection(ProjectConfigurationPlatforms) = postSolution
		{E2EEFB3E-3D42-46D1-8630-C4A0F257EFFB}.Debug|Any CPU.ActiveCfg = Debug|Any CPU
		{E2EEFB3E-3D42-46D1-8630-C4A0F257EFFB}.Debug|Any CPU.Build.0 = Debug|Any CPU
		{E2EEFB3E-3D42-46D1-8630-C4A0F257EFFB}.Release|Any CPU.ActiveCfg = Release|Any CPU
		{E2EEFB3E-3D42-46D1-8630-C4A0F257EFFB}.Release|Any CPU.Build.0 = Release|Any CPU
		{28549FB5-24E1-4097-878C-9E102878408B}.Debug|Any CPU.ActiveCfg = Debug|Any CPU
		{28549FB5-24E1-4097-878C-9E102878408B}.Debug|Any CPU.Build.0 = Debug|Any CPU
		{28549FB5-24E1-4097-878C-9E102878408B}.Release|Any CPU.ActiveCfg = Release|Any CPU
		{28549FB5-24E1-4097-878C-9E102878408B}.Release|Any CPU.Build.0 = Release|Any CPU
		{3DCC304F-1C2B-400C-9F59-36F77D8229FF}.Debug|Any CPU.ActiveCfg = Debug|Any CPU
		{3DCC304F-1C2B-400C-9F59-36F77D8229FF}.Debug|Any CPU.Build.0 = Debug|Any CPU
		{3DCC304F-1C2B-400C-9F59-36F77D8229FF}.Release|Any CPU.ActiveCfg = Release|Any CPU
		{3DCC304F-1C2B-400C-9F59-36F77D8229FF}.Release|Any CPU.Build.0 = Release|Any CPU
		{D409229F-E360-4A74-AF50-EF47AA1FAF50}.Debug|Any CPU.ActiveCfg = Debug|Any CPU
		{D409229F-E360-4A74-AF50-EF47AA1FAF50}.Debug|Any CPU.Build.0 = Debug|Any CPU
		{D409229F-E360-4A74-AF50-EF47AA1FAF50}.Release|Any CPU.ActiveCfg = Release|Any CPU
		{D409229F-E360-4A74-AF50-EF47AA1FAF50}.Release|Any CPU.Build.0 = Release|Any CPU
	EndGlobalSection
	GlobalSection(SolutionProperties) = preSolution
		HideSolutionNode = FALSE
	EndGlobalSection
EndGlobal
